<?xml version="1.0" encoding="utf-8"?>
<Project ToolsVersion="4.0" xmlns="http://schemas.microsoft.com/developer/msbuild/2003">
  <ItemGroup>
    <Filter Include="소스 파일">
      <UniqueIdentifier>{4FC737F1-C7A5-4376-A066-2A32D752A2FF}</UniqueIdentifier>
      <Extensions>cpp;c;cc;cxx;c++;cppm;ixx;def;odl;idl;hpj;bat;asm;asmx</Extensions>
    </Filter>
    <Filter Include="헤더 파일">
      <UniqueIdentifier>{93995380-89BD-4b04-88EB-625FBE52EBFB}</UniqueIdentifier>
      <Extensions>h;hh;hpp;hxx;h++;hm;inl;inc;ipp;xsd</Extensions>
    </Filter>
    <Filter Include="리소스 파일">
      <UniqueIdentifier>{67DA6AB6-F800-4c08-8B7A-83BB121AAD01}</UniqueIdentifier>
      <Extensions>rc;ico;cur;bmp;dlg;rc2;rct;bin;rgs;gif;jpg;jpeg;jpe;resx;tiff;tif;png;wav;mfcribbon-ms</Extensions>
    </Filter>
    <Filter Include="소스 파일\CLASS 1">
      <UniqueIdentifier>{8e3071e9-aff1-4658-8182-16853dbcab09}</UniqueIdentifier>
    </Filter>
    <Filter Include="소스 파일\CLASS 2">
      <UniqueIdentifier>{3d077f61-0d7d-4ce1-9d0a-6f4e24575a02}</UniqueIdentifier>
    </Filter>
    <Filter Include="소스 파일\CLASS 3">
      <UniqueIdentifier>{73a05511-450b-4c1d-9745-4d47195e9ca0}</UniqueIdentifier>
    </Filter>
    <Filter Include="소스 파일\CLASS 5">
      <UniqueIdentifier>{e50b9220-6e4d-4b3b-a023-bba014d6718e}</UniqueIdentifier>
    </Filter>
  </ItemGroup>
  <ItemGroup>
    <ClCompile Include="1_1152.c">
      <Filter>소스 파일\CLASS 1</Filter>
    </ClCompile>
    <ClCompile Include="1_2439.c">
      <Filter>소스 파일\CLASS 1</Filter>
    </ClCompile>
    <ClCompile Include="1_2475.c">
      <Filter>소스 파일\CLASS 1</Filter>
    </ClCompile>
    <ClCompile Include="1_2562.c">
      <Filter>소스 파일\CLASS 1</Filter>
    </ClCompile>
    <ClCompile Include="1_2577.c">
      <Filter>소스 파일\CLASS 1</Filter>
    </ClCompile>
    <ClCompile Include="1_2675.c">
      <Filter>소스 파일\CLASS 1</Filter>
    </ClCompile>
    <ClCompile Include="1_2739.c">
      <Filter>소스 파일\CLASS 1</Filter>
    </ClCompile>
    <ClCompile Include="1_2741.c">
      <Filter>소스 파일\CLASS 1</Filter>
    </ClCompile>
    <ClCompile Include="1_2753.c">
      <Filter>소스 파일\CLASS 1</Filter>
    </ClCompile>
    <ClCompile Include="1_2884.c">
      <Filter>소스 파일\CLASS 1</Filter>
    </ClCompile>
    <ClCompile Include="1_2920.c">
      <Filter>소스 파일\CLASS 1</Filter>
    </ClCompile>
    <ClCompile Include="1_3052.c">
      <Filter>소스 파일\CLASS 1</Filter>
    </ClCompile>
    <ClCompile Include="1_8958.c">
      <Filter>소스 파일\CLASS 1</Filter>
    </ClCompile>
    <ClCompile Include="1_10171.c">
      <Filter>소스 파일\CLASS 1</Filter>
    </ClCompile>
    <ClCompile Include="1_10172.c">
      <Filter>소스 파일\CLASS 1</Filter>
    </ClCompile>
    <ClCompile Include="1_10250.c">
      <Filter>소스 파일\CLASS 1</Filter>
    </ClCompile>
    <ClCompile Include="1_10809.c">
      <Filter>소스 파일\CLASS 1</Filter>
    </ClCompile>
    <ClCompile Include="1_10818.c">
      <Filter>소스 파일\CLASS 1</Filter>
    </ClCompile>
    <ClCompile Include="1_10871.c">
      <Filter>소스 파일\CLASS 1</Filter>
    </ClCompile>
    <ClCompile Include="1_10950.c">
      <Filter>소스 파일\CLASS 1</Filter>
    </ClCompile>
    <ClCompile Include="1_10951.c">
      <Filter>소스 파일\CLASS 1</Filter>
    </ClCompile>
    <ClCompile Include="1_10952.c">
      <Filter>소스 파일\CLASS 1</Filter>
    </ClCompile>
    <ClCompile Include="1_10998.c">
      <Filter>소스 파일\CLASS 1</Filter>
    </ClCompile>
    <ClCompile Include="1_11720.c">
      <Filter>소스 파일\CLASS 1</Filter>
    </ClCompile>
    <ClCompile Include="1_25083.c">
      <Filter>소스 파일\CLASS 1</Filter>
    </ClCompile>
    <ClCompile Include="1_27866.c">
      <Filter>소스 파일\CLASS 1</Filter>
    </ClCompile>
    <ClCompile Include="1_31403.c">
      <Filter>소스 파일\CLASS 1</Filter>
    </ClCompile>
    <ClCompile Include="2_1018.c">
      <Filter>소스 파일\CLASS 2</Filter>
    </ClCompile>
    <ClCompile Include="2_1181.c">
      <Filter>소스 파일\CLASS 2</Filter>
    </ClCompile>
    <ClCompile Include="2_1259.c">
      <Filter>소스 파일\CLASS 2</Filter>
    </ClCompile>
    <ClCompile Include="2_1436.cpp">
      <Filter>소스 파일\CLASS 2</Filter>
    </ClCompile>
    <ClCompile Include="2_1546.c">
      <Filter>소스 파일\CLASS 2</Filter>
    </ClCompile>
    <ClCompile Include="2_1654.cpp">
      <Filter>소스 파일\CLASS 2</Filter>
    </ClCompile>
    <ClCompile Include="2_1676.cpp">
      <Filter>소스 파일\CLASS 2</Filter>
    </ClCompile>
    <ClCompile Include="2_1874.cpp">
      <Filter>소스 파일\CLASS 2</Filter>
    </ClCompile>
    <ClCompile Include="2_1920.c">
      <Filter>소스 파일\CLASS 2</Filter>
    </ClCompile>
    <ClCompile Include="2_1920_2.c">
      <Filter>소스 파일\CLASS 2</Filter>
    </ClCompile>
    <ClCompile Include="2_1929.cpp">
      <Filter>소스 파일\CLASS 2</Filter>
    </ClCompile>
    <ClCompile Include="2_1966.cpp">
      <Filter>소스 파일\CLASS 2</Filter>
    </ClCompile>
    <ClCompile Include="2_1978.c">
      <Filter>소스 파일\CLASS 2</Filter>
    </ClCompile>
    <ClCompile Include="2_2108.cpp">
      <Filter>소스 파일\CLASS 2</Filter>
    </ClCompile>
    <ClCompile Include="2_2164.c">
      <Filter>소스 파일\CLASS 2</Filter>
    </ClCompile>
    <ClCompile Include="2_2231.cpp">
      <Filter>소스 파일\CLASS 2</Filter>
    </ClCompile>
    <ClCompile Include="2_2292.cpp">
      <Filter>소스 파일\CLASS 2</Filter>
    </ClCompile>
    <ClCompile Include="2_2609.c">
      <Filter>소스 파일\CLASS 2</Filter>
    </ClCompile>
    <ClCompile Include="2_2751.c">
      <Filter>소스 파일\CLASS 2</Filter>
    </ClCompile>
    <ClCompile Include="2_2751_2.c">
      <Filter>소스 파일\CLASS 2</Filter>
    </ClCompile>
    <ClCompile Include="2_2775.cpp">
      <Filter>소스 파일\CLASS 2</Filter>
    </ClCompile>
    <ClCompile Include="2_2798.c">
      <Filter>소스 파일\CLASS 2</Filter>
    </ClCompile>
    <ClCompile Include="2_2839.cpp">
      <Filter>소스 파일\CLASS 2</Filter>
    </ClCompile>
    <ClCompile Include="2_2869.cpp">
      <Filter>소스 파일\CLASS 2</Filter>
    </ClCompile>
    <ClCompile Include="2_4153.c">
      <Filter>소스 파일\CLASS 2</Filter>
    </ClCompile>
    <ClCompile Include="2_4949.cpp">
      <Filter>소스 파일\CLASS 2</Filter>
    </ClCompile>
    <ClCompile Include="2_7568.cpp">
      <Filter>소스 파일\CLASS 2</Filter>
    </ClCompile>
    <ClCompile Include="2_9012.c">
      <Filter>소스 파일\CLASS 2</Filter>
    </ClCompile>
    <ClCompile Include="2_10773.cpp">
      <Filter>소스 파일\CLASS 2</Filter>
    </ClCompile>
    <ClCompile Include="2_10814.c">
      <Filter>소스 파일\CLASS 2</Filter>
    </ClCompile>
    <ClCompile Include="2_10816.c">
      <Filter>소스 파일\CLASS 2</Filter>
    </ClCompile>
    <ClCompile Include="2_10828.c">
      <Filter>소스 파일\CLASS 2</Filter>
    </ClCompile>
    <ClCompile Include="2_10845.c">
      <Filter>소스 파일\CLASS 2</Filter>
    </ClCompile>
    <ClCompile Include="2_10989.cpp">
      <Filter>소스 파일\CLASS 2</Filter>
    </ClCompile>
    <ClCompile Include="2_11050.c">
      <Filter>소스 파일\CLASS 2</Filter>
    </ClCompile>
    <ClCompile Include="2_11650.c">
      <Filter>소스 파일\CLASS 2</Filter>
    </ClCompile>
    <ClCompile Include="2_11651.cpp">
      <Filter>소스 파일\CLASS 2</Filter>
    </ClCompile>
    <ClCompile Include="2_11866.c">
      <Filter>소스 파일\CLASS 2</Filter>
    </ClCompile>
    <ClCompile Include="2_14626.cpp">
      <Filter>소스 파일\CLASS 2</Filter>
    </ClCompile>
    <ClCompile Include="2_15829.cpp">
      <Filter>소스 파일\CLASS 2</Filter>
    </ClCompile>
    <ClCompile Include="2_18110.cpp">
      <Filter>소스 파일\CLASS 2</Filter>
    </ClCompile>
    <ClCompile Include="2_28702.cpp">
      <Filter>소스 파일\CLASS 2</Filter>
    </ClCompile>
    <ClCompile Include="2_30802.c">
      <Filter>소스 파일\CLASS 2</Filter>
    </ClCompile>
    <ClCompile Include="3_1003.cpp">
      <Filter>소스 파일\CLASS 3</Filter>
    </ClCompile>
    <ClCompile Include="3_1012.cpp">
      <Filter>소스 파일\CLASS 3</Filter>
    </ClCompile>
    <ClCompile Include="3_1463.c">
      <Filter>소스 파일\CLASS 3</Filter>
    </ClCompile>
    <ClCompile Include="3_1764.cpp">
      <Filter>소스 파일\CLASS 3</Filter>
    </ClCompile>
    <ClCompile Include="3_2606.cpp">
      <Filter>소스 파일\CLASS 3</Filter>
    </ClCompile>
    <ClCompile Include="3_7576.cpp">
      <Filter>소스 파일\CLASS 3</Filter>
    </ClCompile>
    <ClCompile Include="3_9095.c">
      <Filter>소스 파일\CLASS 3</Filter>
    </ClCompile>
    <ClCompile Include="3_11399.c">
      <Filter>소스 파일\CLASS 3</Filter>
    </ClCompile>
    <ClCompile Include="3_11659.cpp">
      <Filter>소스 파일\CLASS 3</Filter>
    </ClCompile>
    <ClCompile Include="3_11723.c">
      <Filter>소스 파일\CLASS 3</Filter>
    </ClCompile>
    <ClCompile Include="3_11726.cpp">
      <Filter>소스 파일\CLASS 3</Filter>
    </ClCompile>
    <ClCompile Include="3_11727.cpp">
      <Filter>소스 파일\CLASS 3</Filter>
    </ClCompile>
    <ClCompile Include="3_1972.cpp">
      <Filter>소스 파일\CLASS 3</Filter>
    </ClCompile>
    <ClCompile Include="3_2630.cpp">
      <Filter>소스 파일\CLASS 3</Filter>
    </ClCompile>
    <ClCompile Include="3_2805.cpp">
      <Filter>소스 파일\CLASS 3</Filter>
    </ClCompile>
    <ClCompile Include="3_11724.cpp">
      <Filter>소스 파일\CLASS 3</Filter>
    </ClCompile>
    <ClCompile Include="3_14940.cpp">
      <Filter>소스 파일\CLASS 3</Filter>
    </ClCompile>
    <ClCompile Include="3_18870.cpp">
      <Filter>소스 파일\CLASS 3</Filter>
    </ClCompile>
    <ClCompile Include="3_1074.cpp">
      <Filter>소스 파일\CLASS 3</Filter>
    </ClCompile>
    <ClCompile Include="3_1620.cpp">
      <Filter>소스 파일\CLASS 3</Filter>
    </ClCompile>
    <ClCompile Include="3_11047.cpp">
      <Filter>소스 파일\CLASS 3</Filter>
    </ClCompile>
    <ClCompile Include="3_17219.cpp">
      <Filter>소스 파일\CLASS 3</Filter>
    </ClCompile>
    <ClCompile Include="3_2579.cpp">
      <Filter>소스 파일\CLASS 3</Filter>
    </ClCompile>
    <ClCompile Include="3_9375.cpp">
      <Filter>소스 파일\CLASS 3</Filter>
    </ClCompile>
    <ClCompile Include="3_9461.cpp">
      <Filter>소스 파일\CLASS 3</Filter>
    </ClCompile>
    <ClCompile Include="3_1260.cpp">
      <Filter>소스 파일\CLASS 3</Filter>
    </ClCompile>
    <ClCompile Include="3_1541.cpp">
      <Filter>소스 파일\CLASS 3</Filter>
    </ClCompile>
    <ClCompile Include="3_11279.cpp">
      <Filter>소스 파일\CLASS 3</Filter>
    </ClCompile>
    <ClCompile Include="3_18111.cpp">
      <Filter>소스 파일\CLASS 3</Filter>
    </ClCompile>
    <ClCompile Include="3_21736.cpp">
      <Filter>소스 파일</Filter>
    </ClCompile>
    <ClCompile Include="5_12100.cpp">
      <Filter>소스 파일\CLASS 5</Filter>
    </ClCompile>
    <ClCompile Include="5_13460.cpp">
      <Filter>소스 파일\CLASS 5</Filter>
    </ClCompile>
    <ClCompile Include="5373.cpp">
      <Filter>소스 파일</Filter>
    </ClCompile>
    <ClCompile Include="3190.cpp">
      <Filter>소스 파일</Filter>
    </ClCompile>
    <ClCompile Include="15824.cpp">
      <Filter>소스 파일</Filter>
    </ClCompile>
    <ClCompile Include="3_1697.cpp">
      <Filter>소스 파일\CLASS 3</Filter>
    </ClCompile>
    <ClCompile Include="3_17626.cpp">
      <Filter>소스 파일\CLASS 3</Filter>
    </ClCompile>
    <ClCompile Include="3_30804.cpp">
      <Filter>소스 파일\CLASS 3</Filter>
    </ClCompile>
    <ClCompile Include="3_1389.cpp">
      <Filter>소스 파일\CLASS 3</Filter>
    </ClCompile>
  </ItemGroup>
</Project>